
Microsoft Visual Studio Solution File, Format Version 12.00
# Visual Studio Version 16
VisualStudioVersion = 16.0.31624.102
MinimumVisualStudioVersion = 10.0.40219.1
Project("{FAE04EC0-301F-11D3-BF4B-00C04F79EFBC}") = "Mindbox_test", "Mindbox_test\Mindbox_test.csproj", "{C19AD7EC-691F-47AD-B569-60E88033D8E1}"
EndProject
Project("{FAE04EC0-301F-11D3-BF4B-00C04F79EFBC}") = "Test_Library", "Test_Library\Test_Library.csproj", "{224BD131-EE8F-4F26-B1CE-7773858EED2D}"
EndProject
Global
	GlobalSection(SolutionConfigurationPlatforms) = preSolution
		Debug|Any CPU = Debug|Any CPU
		Release|Any CPU = Release|Any CPU
	EndGlobalSection
	GlobalSection(ProjectConfigurationPlatforms) = postSolution
		{C19AD7EC-691F-47AD-B569-60E88033D8E1}.Debug|Any CPU.ActiveCfg = Debug|Any CPU
		{C19AD7EC-691F-47AD-B569-60E88033D8E1}.Debug|Any CPU.Build.0 = Debug|Any CPU
		{C19AD7EC-691F-47AD-B569-60E88033D8E1}.Release|Any CPU.ActiveCfg = Release|Any CPU
		{C19AD7EC-691F-47AD-B569-60E88033D8E1}.Release|Any CPU.Build.0 = Release|Any CPU
		{224BD131-EE8F-4F26-B1CE-7773858EED2D}.Debug|Any CPU.ActiveCfg = Debug|Any CPU
		{224BD131-EE8F-4F26-B1CE-7773858EED2D}.Debug|Any CPU.Build.0 = Debug|Any CPU
		{224BD131-EE8F-4F26-B1CE-7773858EED2D}.Release|Any CPU.ActiveCfg = Release|Any CPU
		{224BD131-EE8F-4F26-B1CE-7773858EED2D}.Release|Any CPU.Build.0 = Release|Any CPU
	EndGlobalSection
	GlobalSection(SolutionProperties) = preSolution
		HideSolutionNode = FALSE
	EndGlobalSection
	GlobalSection(ExtensibilityGlobals) = postSolution
		SolutionGuid = {CDA4ECD7-D89E-4E8C-B001-B88D80081A33}
	EndGlobalSection
EndGlobal
